
Microsoft Visual Studio Solution File, Format Version 12.00
# Visual Studio Version 17
VisualStudioVersion = 17.11.35327.3
MinimumVisualStudioVersion = 10.0.40219.1
Project("{FAE04EC0-301F-11D3-BF4B-00C04F79EFBC}") = "SimStop", "SimStop\SimStop.csproj", "{349E3B5D-37FE-4A24-887F-63F9C866FF05}"
EndProject
Global
	GlobalSection(SolutionConfigurationPlatforms) = preSolution
		Debug|Any CPU = Debug|Any CPU
		Release|Any CPU = Release|Any CPU
	EndGlobalSection
	GlobalSection(ProjectConfigurationPlatforms) = postSolution
		{349E3B5D-37FE-4A24-887F-63F9C866FF05}.Debug|Any CPU.ActiveCfg = Debug|Any CPU
		{349E3B5D-37FE-4A24-887F-63F9C866FF05}.Debug|Any CPU.Build.0 = Debug|Any CPU
		{349E3B5D-37FE-4A24-887F-63F9C866FF05}.Release|Any CPU.ActiveCfg = Release|Any CPU
		{349E3B5D-37FE-4A24-887F-63F9C866FF05}.Release|Any CPU.Build.0 = Release|Any CPU
	EndGlobalSection
	GlobalSection(SolutionProperties) = preSolution
		HideSolutionNode = FALSE
	EndGlobalSection
	GlobalSection(ExtensibilityGlobals) = postSolution
		SolutionGuid = {835F8646-A06F-4437-83A0-34C44A2CD142}
	EndGlobalSection
EndGlobal
